version = 1
revision = 3
requires-python = ">=3.11"
resolution-markers = [
    "python_full_version >= '3.12'",
    "python_full_version < '3.12'",
]

[[package]]
name = "asgiref"
version = "3.11.0"
source = { registry = "https://pypi.org/simple" }
sdist = { url = "https://files.pythonhosted.org/packages/76/b9/4db2509eabd14b4a8c71d1b24c8d5734c52b8560a7b1e1a8b56c8d25568b/asgiref-3.11.0.tar.gz", hash = "sha256:13acff32519542a1736223fb79a715acdebe24286d98e8b164a73085f40da2c4", size = 37969, upload-time = "2025-11-19T15:32:20.106Z" }
wheels = [
    { url = "https://files.pythonhosted.org/packages/91/be/317c2c55b8bbec407257d45f5c8d1b6867abc76d12043f2d3d58c538a4ea/asgiref-3.11.0-py3-none-any.whl", hash = "sha256:1db9021efadb0d9512ce8ffaf72fcef601c7b73a8807a1bb2ef143dc6b14846d", size = 24096, upload-time = "2025-11-19T15:32:19.004Z" },
]

[[package]]
name = "crispy-bootstrap5"
version = "2025.6"
source = { registry = "https://pypi.org/simple" }
dependencies = [
    { name = "django", version = "5.2.10", source = { registry = "https://pypi.org/simple" }, marker = "python_full_version < '3.12'" },
    { name = "django", version = "6.0.1", source = { registry = "https://pypi.org/simple" }, marker = "python_full_version >= '3.12'" },
    { name = "django-crispy-forms" },
]
sdist = { url = "https://files.pythonhosted.org/packages/97/30/36cc4144b6dff91bb54490a3b474897b7469bcda9517bf9f54681ea91011/crispy_bootstrap5-2025.6.tar.gz", hash = "sha256:f1bde7cac074c650fc82f31777d4a4cfd0df2512c68bc4128f259c75d3daada4", size = 23950, upload-time = "2025-06-08T07:43:35.461Z" }
wheels = [
    { url = "https://files.pythonhosted.org/packages/d8/d4/8cf1ba773a91fc17bab1fd46b75bbdef780c4cccbbb8230e617980a0362c/crispy_bootstrap5-2025.6-py3-none-any.whl", hash = "sha256:a343aa128b4383f35f00295b94de2b10862f2a4f24eda21fa6ead45234c07050", size = 24794, upload-time = "2025-06-08T07:43:34.206Z" },
]

[[package]]
name = "django"
version = "5.2.10"
source = { registry = "https://pypi.org/simple" }
resolution-markers = [
    "python_full_version < '3.12'",
]
dependencies = [
    { name = "asgiref", marker = "python_full_version < '3.12'" },
    { name = "sqlparse", marker = "python_full_version < '3.12'" },
    { name = "tzdata", marker = "python_full_version < '3.12' and sys_platform == 'win32'" },
]
sdist = { url = "https://files.pythonhosted.org/packages/e6/e5/2671df24bf0ded831768ef79532e5a7922485411a5696f6d979568591a37/django-5.2.10.tar.gz", hash = "sha256:74df100784c288c50a2b5cad59631d71214f40f72051d5af3fdf220c20bdbbbe", size = 10880754, upload-time = "2026-01-06T18:55:26.817Z" }
wheels = [
    { url = "https://files.pythonhosted.org/packages/fa/de/f1a7cd896daec85832136ab509d9b2a6daed4939dbe26313af3e95fc5f5e/django-5.2.10-py3-none-any.whl", hash = "sha256:cf85067a64250c95d5f9067b056c5eaa80591929f7e16fbcd997746e40d6c45c", size = 8290820, upload-time = "2026-01-06T18:55:20.009Z" },
]

[[package]]
name = "django"
version = "6.0.1"
source = { registry = "https://pypi.org/simple" }
resolution-markers = [
    "python_full_version >= '3.12'",
]
dependencies = [
    { name = "asgiref", marker = "python_full_version >= '3.12'" },
    { name = "sqlparse", marker = "python_full_version >= '3.12'" },
    { name = "tzdata", marker = "python_full_version >= '3.12' and sys_platform == 'win32'" },
]
sdist = { url = "https://files.pythonhosted.org/packages/b5/9b/016f7e55e855ee738a352b05139d4f8b278d0b451bd01ebef07456ef3b0e/django-6.0.1.tar.gz", hash = "sha256:ed76a7af4da21551573b3d9dfc1f53e20dd2e6c7d70a3adc93eedb6338130a5f", size = 11069565, upload-time = "2026-01-06T18:55:53.069Z" }
wheels = [
    { url = "https://files.pythonhosted.org/packages/95/b5/814ed98bd21235c116fd3436a7ed44d47560329a6d694ec8aac2982dbb93/django-6.0.1-py3-none-any.whl", hash = "sha256:a92a4ff14f664a896f9849009cb8afaca7abe0d6fc53325f3d1895a15253433d", size = 8338791, upload-time = "2026-01-06T18:55:46.175Z" },
]

[[package]]
name = "django-blog"
version = "0.1.0"
source = { virtual = "." }
dependencies = [
    { name = "crispy-bootstrap5" },
    { name = "django", version = "5.2.10", source = { registry = "https://pypi.org/simple" }, marker = "python_full_version < '3.12'" },
    { name = "django", version = "6.0.1", source = { registry = "https://pypi.org/simple" }, marker = "python_full_version >= '3.12'" },
    { name = "django-ckeditor" },
    { name = "django-cleanup" },
    { name = "django-crispy-forms" },
    { name = "python-dotenv" },
]

[package.dev-dependencies]
dev = [
    { name = "ruff" },
]

[package.metadata]
requires-dist = [
    { name = "crispy-bootstrap5", specifier = ">=0.7" },
    { name = "django", specifier = ">=5.0" },
    { name = "django-ckeditor", specifier = ">=6.7.0" },
    { name = "django-cleanup", specifier = ">=8.0.0" },
    { name = "django-crispy-forms", specifier = ">=2.1" },
    { name = "python-dotenv", specifier = ">=1.0.0" },
]

[package.metadata.requires-dev]
dev = [{ name = "ruff", specifier = ">=0.1.0" }]

[[package]]
name = "django-ckeditor"
version = "6.7.3"
source = { registry = "https://pypi.org/simple" }
dependencies = [
    { name = "django", version = "5.2.10", source = { registry = "https://pypi.org/simple" }, marker = "python_full_version < '3.12'" },
    { name = "django", version = "6.0.1", source = { registry = "https://pypi.org/simple" }, marker = "python_full_version >= '3.12'" },
    { name = "django-js-asset" },
]
sdist = { url = "https://files.pythonhosted.org/packages/15/6e/7923d3932bcdc6df7deea3d0cc31552144444130e5a2bef669e88c4e8141/django_ckeditor-6.7.3.tar.gz", hash = "sha256:889fd80ee7d368e3c5b828c8dabf8907d56bcad6bf5881f3898416df4f2adfe7", size = 1726851, upload-time = "2025-06-06T10:16:35.748Z" }
wheels = [
    { url = "https://files.pythonhosted.org/packages/d2/03/b2095f13b571ab78b2a3f55d30e2b3f126b3f4f350391037c37c418f7c2f/django_ckeditor-6.7.3-py3-none-any.whl", hash = "sha256:09771c9b8fb33b84bd2767dfc891a24b7fbdb0120910a7ec65b763a4ae6807bb", size = 2455696, upload-time = "2025-06-06T10:16:40.05Z" },
]

[[package]]
name = "django-cleanup"
version = "9.0.0"
source = { registry = "https://pypi.org/simple" }
sdist = { url = "https://files.pythonhosted.org/packages/4b/01/b15a8de8b9ec75ea157ec58f86411894ca1182305fabaee31193076e7f62/django_cleanup-9.0.0.tar.gz", hash = "sha256:bb9fb560aaf62959c81e31fa40885c36bbd5854d5aa21b90df2c7e4ba633531e", size = 17917, upload-time = "2024-09-18T21:58:06.089Z" }
wheels = [
    { url = "https://files.pythonhosted.org/packages/87/d7/a83dc87c2383e125da29948f7bccf5b30126c087a5a831316482407a960f/django_cleanup-9.0.0-py3-none-any.whl", hash = "sha256:19f8b0e830233f9f0f683b17181f414672a0f48afe3ea3cc80ba47ae40ad880c", size = 10726, upload-time = "2024-09-18T21:58:04.626Z" },
]

[[package]]
name = "django-crispy-forms"
version = "2.5"
source = { registry = "https://pypi.org/simple" }
dependencies = [
    { name = "django", version = "5.2.10", source = { registry = "https://pypi.org/simple" }, marker = "python_full_version < '3.12'" },
    { name = "django", version = "6.0.1", source = { registry = "https://pypi.org/simple" }, marker = "python_full_version >= '3.12'" },
]
sdist = { url = "https://files.pythonhosted.org/packages/79/a1/6a638d13717e4d4f8df169dade0fa51bdc65d9825df39d98ce709a776b49/django_crispy_forms-2.5.tar.gz", hash = "sha256:066e72a8f152a1334f1c811cc37740868efe3265e5a218f79079ef89f848c3d8", size = 1097999, upload-time = "2025-11-06T20:44:01.921Z" }
wheels = [
    { url = "https://files.pythonhosted.org/packages/2c/58/ac3a11950baaf75c1f3242e3af9dfe45201f6ee10c113dd37a9c000876d2/django_crispy_forms-2.5-py3-none-any.whl", hash = "sha256:adc99d5901baca09479c53bf536b3909e80a9f2bb299438a223de4c106ebf1f9", size = 31464, upload-time = "2025-11-06T20:44:00.795Z" },
]

[[package]]
name = "django-js-asset"
version = "3.1.2"
source = { registry = "https://pypi.org/simple" }
dependencies = [
    { name = "django", version = "5.2.10", source = { registry = "https://pypi.org/simple" }, marker = "python_full_version < '3.12'" },
    { name = "django", version = "6.0.1", source = { registry = "https://pypi.org/simple" }, marker = "python_full_version >= '3.12'" },
]
sdist = { url = "https://files.pythonhosted.org/packages/e6/91/c63f136f553ec24fc46ccf20ac7292a8df04815b383975b6f3f7f0060217/django_js_asset-3.1.2.tar.gz", hash = "sha256:1fc7584199ed1941ed7c8e7b87ca5524bb0f2ba941561d2a104e88ee9f07bedd", size = 9471, upload-time = "2025-03-04T15:22:49.789Z" }
wheels = [
    { url = "https://files.pythonhosted.org/packages/a6/cf/b208767db5e56b5189829f753eec6a14ee75d074922dc2bd19220b22a34d/django_js_asset-3.1.2-py3-none-any.whl", hash = "sha256:b5ffe376aebbd73b7af886d675ac9f43ca63b39540190fa8409c9f8e79145f68", size = 5905, upload-time = "2025-03-04T15:22:51.152Z" },
]

[[package]]
name = "python-dotenv"
version = "1.2.1"
source = { registry = "https://pypi.org/simple" }
sdist = { url = "https://files.pythonhosted.org/packages/f0/26/19cadc79a718c5edbec86fd4919a6b6d3f681039a2f6d66d14be94e75fb9/python_dotenv-1.2.1.tar.gz", hash = "sha256:42667e897e16ab0d66954af0e60a9caa94f0fd4ecf3aaf6d2d260eec1aa36ad6", size = 44221, upload-time = "2025-10-26T15:12:10.434Z" }
wheels = [
    { url = "https://files.pythonhosted.org/packages/14/1b/a298b06749107c305e1fe0f814c6c74aea7b2f1e10989cb30f544a1b3253/python_dotenv-1.2.1-py3-none-any.whl", hash = "sha256:b81ee9561e9ca4004139c6cbba3a238c32b03e4894671e181b671e8cb8425d61", size = 21230, upload-time = "2025-10-26T15:12:09.109Z" },
]

[[package]]
name = "ruff"
version = "0.14.13"
source = { registry = "https://pypi.org/simple" }
sdist = { url = "https://files.pythonhosted.org/packages/50/0a/1914efb7903174b381ee2ffeebb4253e729de57f114e63595114c8ca451f/ruff-0.14.13.tar.gz", hash = "sha256:83cd6c0763190784b99650a20fec7633c59f6ebe41c5cc9d45ee42749563ad47", size = 6059504, upload-time = "2026-01-15T20:15:16.918Z" }
wheels = [
    { url = "https://files.pythonhosted.org/packages/c3/ae/0deefbc65ca74b0ab1fd3917f94dc3b398233346a74b8bbb0a916a1a6bf6/ruff-0.14.13-py3-none-linux_armv6l.whl", hash = "sha256:76f62c62cd37c276cb03a275b198c7c15bd1d60c989f944db08a8c1c2dbec18b", size = 13062418, upload-time = "2026-01-15T20:14:50.779Z" },
    { url = "https://files.pythonhosted.org/packages/47/df/5916604faa530a97a3c154c62a81cb6b735c0cb05d1e26d5ad0f0c8ac48a/ruff-0.14.13-py3-none-macosx_10_12_x86_64.whl", hash = "sha256:914a8023ece0528d5cc33f5a684f5f38199bbb566a04815c2c211d8f40b5d0ed", size = 13442344, upload-time = "2026-01-15T20:15:07.94Z" },
    { url = "https://files.pythonhosted.org/packages/4c/f3/e0e694dd69163c3a1671e102aa574a50357536f18a33375050334d5cd517/ruff-0.14.13-py3-none-macosx_11_0_arm64.whl", hash = "sha256:d24899478c35ebfa730597a4a775d430ad0d5631b8647a3ab368c29b7e7bd063", size = 12354720, upload-time = "2026-01-15T20:15:09.854Z" },
    { url = "https://files.pythonhosted.org/packages/c3/e8/67f5fcbbaee25e8fc3b56cc33e9892eca7ffe09f773c8e5907757a7e3bdb/ruff-0.14.13-py3-none-manylinux_2_17_aarch64.manylinux2014_aarch64.whl", hash = "sha256:9aaf3870f14d925bbaf18b8a2347ee0ae7d95a2e490e4d4aea6813ed15ebc80e", size = 12774493, upload-time = "2026-01-15T20:15:20.908Z" },
    { url = "https://files.pythonhosted.org/packages/6b/ce/d2e9cb510870b52a9565d885c0d7668cc050e30fa2c8ac3fb1fda15c083d/ruff-0.14.13-py3-none-manylinux_2_17_armv7l.manylinux2014_armv7l.whl", hash = "sha256:ac5b7f63dd3b27cc811850f5ffd8fff845b00ad70e60b043aabf8d6ecc304e09", size = 12815174, upload-time = "2026-01-15T20:15:05.74Z" },
    { url = "https://files.pythonhosted.org/packages/88/00/c38e5da58beebcf4fa32d0ddd993b63dfacefd02ab7922614231330845bf/ruff-0.14.13-py3-none-manylinux_2_17_i686.manylinux2014_i686.whl", hash = "sha256:78d2b1097750d90ba82ce4ba676e85230a0ed694178ca5e61aa9b459970b3eb9", size = 13680909, upload-time = "2026-01-15T20:15:14.537Z" },
    { url = "https://files.pythonhosted.org/packages/61/61/cd37c9dd5bd0a3099ba79b2a5899ad417d8f3b04038810b0501a80814fd7/ruff-0.14.13-py3-none-manylinux_2_17_ppc64.manylinux2014_ppc64.whl", hash = "sha256:7d0bf87705acbbcb8d4c24b2d77fbb73d40210a95c3903b443cd9e30824a5032", size = 15144215, upload-time = "2026-01-15T20:15:22.886Z" },
    { url = "https://files.pythonhosted.org/packages/56/8a/85502d7edbf98c2df7b8876f316c0157359165e16cdf98507c65c8d07d3d/ruff-0.14.13-py3-none-manylinux_2_17_ppc64le.manylinux2014_ppc64le.whl", hash = "sha256:a3eb5da8e2c9e9f13431032fdcbe7681de9ceda5835efee3269417c13f1fed5c", size = 14706067, upload-time = "2026-01-15T20:14:48.271Z" },
    { url = "https://files.pythonhosted.org/packages/7e/2f/de0df127feb2ee8c1e54354dc1179b4a23798f0866019528c938ba439aca/ruff-0.14.13-py3-none-manylinux_2_17_s390x.manylinux2014_s390x.whl", hash = "sha256:642442b42957093811cd8d2140dfadd19c7417030a7a68cf8d51fcdd5f217427", size = 14133916, upload-time = "2026-01-15T20:14:57.357Z" },
    { url = "https://files.pythonhosted.org/packages/0d/77/9b99686bb9fe07a757c82f6f95e555c7a47801a9305576a9c67e0a31d280/ruff-0.14.13-py3-none-manylinux_2_17_x86_64.manylinux2014_x86_64.whl", hash = "sha256:4acdf009f32b46f6e8864af19cbf6841eaaed8638e65c8dac845aea0d703c841", size = 13859207, upload-time = "2026-01-15T20:14:55.111Z" },
    { url = "https://files.pythonhosted.org/packages/7d/46/2bdcb34a87a179a4d23022d818c1c236cb40e477faf0d7c9afb6813e5876/ruff-0.14.13-py3-none-manylinux_2_31_riscv64.whl", hash = "sha256:591a7f68860ea4e003917d19b5c4f5ac39ff558f162dc753a2c5de897fd5502c", size = 14043686, upload-time = "2026-01-15T20:14:52.841Z" },
    { url = "https://files.pythonhosted.org/packages/1a/a9/5c6a4f56a0512c691cf143371bcf60505ed0f0860f24a85da8bd123b2bf1/ruff-0.14.13-py3-none-musllinux_1_2_aarch64.whl", hash = "sha256:774c77e841cc6e046fc3e91623ce0903d1cd07e3a36b1a9fe79b81dab3de506b", size = 12663837, upload-time = "2026-01-15T20:15:18.921Z" },
    { url = "https://files.pythonhosted.org/packages/fe/bb/b920016ece7651fa7fcd335d9d199306665486694d4361547ccb19394c44/ruff-0.14.13-py3-none-musllinux_1_2_armv7l.whl", hash = "sha256:61f4e40077a1248436772bb6512db5fc4457fe4c49e7a94ea7c5088655dd21ae", size = 12805867, upload-time = "2026-01-15T20:14:59.272Z" },
    { url = "https://files.pythonhosted.org/packages/7d/b3/0bd909851e5696cd21e32a8fc25727e5f58f1934b3596975503e6e85415c/ruff-0.14.13-py3-none-musllinux_1_2_i686.whl", hash = "sha256:6d02f1428357fae9e98ac7aa94b7e966fd24151088510d32cf6f902d6c09235e", size = 13208528, upload-time = "2026-01-15T20:15:03.732Z" },
    { url = "https://files.pythonhosted.org/packages/3b/3b/e2d94cb613f6bbd5155a75cbe072813756363eba46a3f2177a1fcd0cd670/ruff-0.14.13-py3-none-musllinux_1_2_x86_64.whl", hash = "sha256:e399341472ce15237be0c0ae5fbceca4b04cd9bebab1a2b2c979e015455d8f0c", size = 13929242, upload-time = "2026-01-15T20:15:11.918Z" },
    { url = "https://files.pythonhosted.org/packages/6a/c5/abd840d4132fd51a12f594934af5eba1d5d27298a6f5b5d6c3be45301caf/ruff-0.14.13-py3-none-win32.whl", hash = "sha256:ef720f529aec113968b45dfdb838ac8934e519711da53a0456038a0efecbd680", size = 12919024, upload-time = "2026-01-15T20:14:43.647Z" },
    { url = "https://files.pythonhosted.org/packages/c2/55/6384b0b8ce731b6e2ade2b5449bf07c0e4c31e8a2e68ea65b3bafadcecc5/ruff-0.14.13-py3-none-win_amd64.whl", hash = "sha256:6070bd026e409734b9257e03e3ef18c6e1a216f0435c6751d7a8ec69cb59abef", size = 14097887, upload-time = "2026-01-15T20:15:01.48Z" },
    { url = "https://files.pythonhosted.org/packages/4d/e1/7348090988095e4e39560cfc2f7555b1b2a7357deba19167b600fdf5215d/ruff-0.14.13-py3-none-win_arm64.whl", hash = "sha256:7ab819e14f1ad9fe39f246cfcc435880ef7a9390d81a2b6ac7e01039083dd247", size = 13080224, upload-time = "2026-01-15T20:14:45.853Z" },
]

[[package]]
name = "sqlparse"
version = "0.5.5"
source = { registry = "https://pypi.org/simple" }
sdist = { url = "https://files.pythonhosted.org/packages/90/76/437d71068094df0726366574cf3432a4ed754217b436eb7429415cf2d480/sqlparse-0.5.5.tar.gz", hash = "sha256:e20d4a9b0b8585fdf63b10d30066c7c94c5d7a7ec47c889a2d83a3caa93ff28e", size = 120815, upload-time = "2025-12-19T07:17:45.073Z" }
wheels = [
    { url = "https://files.pythonhosted.org/packages/49/4b/359f28a903c13438ef59ebeee215fb25da53066db67b305c125f1c6d2a25/sqlparse-0.5.5-py3-none-any.whl", hash = "sha256:12a08b3bf3eec877c519589833aed092e2444e68240a3577e8e26148acc7b1ba", size = 46138, upload-time = "2025-12-19T07:17:46.573Z" },
]

[[package]]
name = "tzdata"
version = "2025.3"
source = { registry = "https://pypi.org/simple" }
sdist = { url = "https://files.pythonhosted.org/packages/5e/a7/c202b344c5ca7daf398f3b8a477eeb205cf3b6f32e7ec3a6bac0629ca975/tzdata-2025.3.tar.gz", hash = "sha256:de39c2ca5dc7b0344f2eba86f49d614019d29f060fc4ebc8a417896a620b56a7", size = 196772, upload-time = "2025-12-13T17:45:35.667Z" }
wheels = [
    { url = "https://files.pythonhosted.org/packages/c7/b0/003792df09decd6849a5e39c28b513c06e84436a54440380862b5aeff25d/tzdata-2025.3-py2.py3-none-any.whl", hash = "sha256:06a47e5700f3081aab02b2e513160914ff0694bce9947d6b76ebd6bf57cfc5d1", size = 348521, upload-time = "2025-12-13T17:45:33.889Z" },
]
